
Microsoft Visual Studio Solution File, Format Version 12.00
# Visual Studio Version 17
VisualStudioVersion = 17.3.32929.385
MinimumVisualStudioVersion = 10.0.40219.1
Project("{FAE04EC0-301F-11D3-BF4B-00C04F79EFBC}") = "EmployeeWebAPI", "EmployeeWebAPI\EmployeeWebAPI.csproj", "{206F9261-2F8E-40EC-9247-1A7CAD2D91C3}"
EndProject
Global
	GlobalSection(SolutionConfigurationPlatforms) = preSolution
		Debug|Any CPU = Debug|Any CPU
		Release|Any CPU = Release|Any CPU
	EndGlobalSection
	GlobalSection(ProjectConfigurationPlatforms) = postSolution
		{206F9261-2F8E-40EC-9247-1A7CAD2D91C3}.Debug|Any CPU.ActiveCfg = Debug|Any CPU
		{206F9261-2F8E-40EC-9247-1A7CAD2D91C3}.Debug|Any CPU.Build.0 = Debug|Any CPU
		{206F9261-2F8E-40EC-9247-1A7CAD2D91C3}.Release|Any CPU.ActiveCfg = Release|Any CPU
		{206F9261-2F8E-40EC-9247-1A7CAD2D91C3}.Release|Any CPU.Build.0 = Release|Any CPU
	EndGlobalSection
	GlobalSection(SolutionProperties) = preSolution
		HideSolutionNode = FALSE
	EndGlobalSection
	GlobalSection(ExtensibilityGlobals) = postSolution
		SolutionGuid = {1990601E-7CBE-4877-B403-2427F44BA733}
	EndGlobalSection
EndGlobal
