
Microsoft Visual Studio Solution File, Format Version 12.00
# Visual Studio Version 17
VisualStudioVersion = 17.3.32929.385
MinimumVisualStudioVersion = 10.0.40219.1
Project("{FAE04EC0-301F-11D3-BF4B-00C04F79EFBC}") = "HelloWorldBlazorApp", "HelloWorldBlazorApp\HelloWorldBlazorApp.csproj", "{F5DB990E-BB9C-40BE-900C-DFF9C1F6291E}"
EndProject
Global
	GlobalSection(SolutionConfigurationPlatforms) = preSolution
		Debug|Any CPU = Debug|Any CPU
		Release|Any CPU = Release|Any CPU
	EndGlobalSection
	GlobalSection(ProjectConfigurationPlatforms) = postSolution
		{F5DB990E-BB9C-40BE-900C-DFF9C1F6291E}.Debug|Any CPU.ActiveCfg = Debug|Any CPU
		{F5DB990E-BB9C-40BE-900C-DFF9C1F6291E}.Debug|Any CPU.Build.0 = Debug|Any CPU
		{F5DB990E-BB9C-40BE-900C-DFF9C1F6291E}.Release|Any CPU.ActiveCfg = Release|Any CPU
		{F5DB990E-BB9C-40BE-900C-DFF9C1F6291E}.Release|Any CPU.Build.0 = Release|Any CPU
	EndGlobalSection
	GlobalSection(SolutionProperties) = preSolution
		HideSolutionNode = FALSE
	EndGlobalSection
	GlobalSection(ExtensibilityGlobals) = postSolution
		SolutionGuid = {B833503A-F816-415D-84F0-C6743325E7C6}
	EndGlobalSection
EndGlobal
